{
  "version": "5",
  "specifiers": {
    "jsr:@std/assert@~0.225.3": "0.225.3",
    "jsr:@std/async@^1.0.0-rc.2": "1.0.15",
    "jsr:@std/data-structures@^1.0.0-rc.1": "1.0.9",
    "jsr:@std/dotenv@*": "0.225.5",
    "jsr:@std/dotenv@~0.225.2": "0.225.5",
    "jsr:@std/internal@1": "1.0.12",
    "jsr:@std/testing@~0.225.2": "0.225.3",
    "npm:@hono/zod-openapi@*": "1.1.5_hono@4.10.6_zod@4.1.12",
    "npm:@hono/zod-openapi@^1.1.5": "1.1.5_hono@4.10.6_zod@4.1.12",
    "npm:adhan@*": "4.4.3",
    "npm:adhan@4.4.3": "4.4.3",
    "npm:hono@^4.10.6": "4.10.6",
    "npm:moment-timezone@*": "0.6.0",
    "npm:zod@*": "4.1.12"
  },
  "jsr": {
    "@std/assert@0.225.3": {
      "integrity": "b3c2847aecf6955b50644cdb9cf072004ea3d1998dd7579fc0acb99dbb23bd4f",
      "dependencies": [
        "jsr:@std/internal"
      ]
    },
    "@std/async@1.0.15": {
      "integrity": "55d1d9d04f99403fe5730ab16bdcc3c47f658a6bf054cafb38a50f046238116e"
    },
    "@std/data-structures@1.0.9": {
      "integrity": "033d6e17e64bf1f84a614e647c1b015fa2576ae3312305821e1a4cb20674bb4d"
    },
    "@std/dotenv@0.225.5": {
      "integrity": "9ce6f9d0ec3311f74a32535aa1b8c62ed88b1ab91b7f0815797d77a6f60c922f"
    },
    "@std/internal@1.0.12": {
      "integrity": "972a634fd5bc34b242024402972cd5143eac68d8dffaca5eaa4dba30ce17b027"
    },
    "@std/testing@0.225.3": {
      "integrity": "348c24d0479d44ab3dbb4f26170f242e19f24051b45935d4a9e7ca0ab7e37780",
      "dependencies": [
        "jsr:@std/async",
        "jsr:@std/data-structures"
      ]
    }
  },
  "npm": {
    "@asteasolutions/zod-to-openapi@8.1.0_zod@4.1.12": {
      "integrity": "sha512-tQFxVs05J/6QXXqIzj6rTRk3nj1HFs4pe+uThwE95jL5II2JfpVXkK+CqkO7aT0Do5AYqO6LDrKpleLUFXgY+g==",
      "dependencies": [
        "openapi3-ts",
        "zod"
      ]
    },
    "@hono/zod-openapi@1.1.5_hono@4.10.6_zod@4.1.12": {
      "integrity": "sha512-EAnY6ad4yt/MUKHx716BEGGOXSl5d0/FOLozOYB/pmSEFq07qrzefKFtBEMAgd3hlpJXjH+4lwgTtlAo+BGBgQ==",
      "dependencies": [
        "@asteasolutions/zod-to-openapi",
        "@hono/zod-validator",
        "hono",
        "openapi3-ts",
        "zod"
      ]
    },
    "@hono/zod-validator@0.7.5_hono@4.10.6_zod@4.1.12": {
      "integrity": "sha512-n4l4hutkfYU07PzRUHBOVzUEn38VSfrh+UVE5d0w4lyfWDOEhzxIupqo5iakRiJL44c3vTuFJBvcmUl8b9agIA==",
      "dependencies": [
        "hono",
        "zod"
      ]
    },
    "adhan@4.4.3": {
      "integrity": "sha512-568KkQd8OMLUj7o7+d2FDcm6vZHWQrE7vsm/Evssh8sfUDpPyaboj3PVsScZAr7L7sNRgPrtLMmDZZfM7VeAYw=="
    },
    "hono@4.10.6": {
      "integrity": "sha512-BIdolzGpDO9MQ4nu3AUuDwHZZ+KViNm+EZ75Ae55eMXMqLVhDFqEMXxtUe9Qh8hjL+pIna/frs2j6Y2yD5Ua/g=="
    },
    "moment-timezone@0.6.0": {
      "integrity": "sha512-ldA5lRNm3iJCWZcBCab4pnNL3HSZYXVb/3TYr75/1WCTWYuTqYUb5f/S384pncYjJ88lbO8Z4uPDvmoluHJc8Q==",
      "dependencies": [
        "moment"
      ]
    },
    "moment@2.30.1": {
      "integrity": "sha512-uEmtNhbDOrWPFS+hdjFCBfy9f2YoyzRpwcl+DqpC6taX21FzsTLQVbMV/W7PzNSX6x/bhC1zA3c2UQ5NzH6how=="
    },
    "openapi3-ts@4.5.0": {
      "integrity": "sha512-jaL+HgTq2Gj5jRcfdutgRGLosCy/hT8sQf6VOy+P+g36cZOjI1iukdPnijC+4CmeRzg/jEllJUboEic2FhxhtQ==",
      "dependencies": [
        "yaml"
      ]
    },
    "yaml@2.8.1": {
      "integrity": "sha512-lcYcMxX2PO9XMGvAJkJ3OsNMw+/7FKes7/hgerGUYWIoWu5j/+YQqcZr5JnPZWzOsEBgMbSbiSTn/dv/69Mkpw==",
      "bin": true
    },
    "zod@4.1.12": {
      "integrity": "sha512-JInaHOamG8pt5+Ey8kGmdcAcg3OL9reK8ltczgHTAwNhMys/6ThXHityHxVV2p3fkw/c+MAvBHFVYHFZDmjMCQ=="
    }
  },
  "remote": {
    "https://cdn.jsdelivr.net/npm/adhan@4.4.3/lib/bundles/adhan.esm.min.js": "951ca9423c16b2c88f225aa0d8540453d7c3136533e2d3b1328a5523361a099f",
    "https://cdn.jsdelivr.net/npm/adhan@4.4.3/lib/bundles/adhan.umd.js": "9a9d301dbbbe29cb68e4dd1b71fe2063bf9ca68315b6ab782b8ba4406c285a99",
    "https://cdn.jsdelivr.net/npm/adhan@4.4.3/lib/bundles/adhan.umd.min.js": "6161c09d5eb3e975c04c6bc136bece212973f5eb225cddecc9f74e01bade572c",
    "https://cdn.jsdelivr.net/npm/adhan@4.4.3/lib/cjs/Adhan.js": "c2842523250c33eb67d07759e3e447f5767aa53a5d86fc0b0fbfc1c7cc1e24ee",
    "https://deno.land/x/sqlite@v3.9.1/build/sqlite.js": "2afc7875c7b9c85d89730c4a311ab3a304e5d1bf761fbadd8c07bbdf130f5f9b",
    "https://deno.land/x/sqlite@v3.9.1/build/vfs.js": "7f7778a9fe499cd10738d6e43867340b50b67d3e39142b0065acd51a84cd2e03",
    "https://deno.land/x/sqlite@v3.9.1/mod.ts": "e09fc79d8065fe222578114b109b1fd60077bff1bb75448532077f784f4d6a83",
    "https://deno.land/x/sqlite@v3.9.1/src/constants.ts": "90f3be047ec0a89bcb5d6fc30db121685fc82cb00b1c476124ff47a4b0472aa9",
    "https://deno.land/x/sqlite@v3.9.1/src/db.ts": "03d0c860957496eadedd86e51a6e650670764630e64f56df0092e86c90752401",
    "https://deno.land/x/sqlite@v3.9.1/src/error.ts": "f7a15cb00d7c3797da1aefee3cf86d23e0ae92e73f0ba3165496c3816ab9503a",
    "https://deno.land/x/sqlite@v3.9.1/src/function.ts": "bc778cab7a6d771f690afa27264c524d22fcb96f1bb61959ade7922c15a4ab8d",
    "https://deno.land/x/sqlite@v3.9.1/src/query.ts": "d58abda928f6582d77bad685ecf551b1be8a15e8e38403e293ec38522e030cad",
    "https://deno.land/x/sqlite@v3.9.1/src/wasm.ts": "e79d0baa6e42423257fb3c7cc98091c54399254867e0f34a09b5bdef37bd9487"
  },
  "workspace": {
    "dependencies": [
      "jsr:@std/assert@~0.225.3",
      "jsr:@std/dotenv@~0.225.2",
      "jsr:@std/testing@~0.225.2",
      "npm:@hono/zod-openapi@^1.1.5",
      "npm:adhan@4.4.3",
      "npm:hono@^4.10.6"
    ]
  }
}
